
Microsoft Visual Studio Solution File, Format Version 12.00
# Visual Studio Version 17
VisualStudioVersion = 17.2.32602.215
MinimumVisualStudioVersion = 10.0.40219.1
Project("{FAE04EC0-301F-11D3-BF4B-00C04F79EFBC}") = "NetBlog.Api", "NetBlog.Api\NetBlog.Api.csproj", "{B43EEAD9-390A-40F8-AE2F-1B4A86FDB15C}"
EndProject
Global
	GlobalSection(SolutionConfigurationPlatforms) = preSolution
		Debug|Any CPU = Debug|Any CPU
		Release|Any CPU = Release|Any CPU
	EndGlobalSection
	GlobalSection(ProjectConfigurationPlatforms) = postSolution
		{B43EEAD9-390A-40F8-AE2F-1B4A86FDB15C}.Debug|Any CPU.ActiveCfg = Debug|Any CPU
		{B43EEAD9-390A-40F8-AE2F-1B4A86FDB15C}.Debug|Any CPU.Build.0 = Debug|Any CPU
		{B43EEAD9-390A-40F8-AE2F-1B4A86FDB15C}.Release|Any CPU.ActiveCfg = Release|Any CPU
		{B43EEAD9-390A-40F8-AE2F-1B4A86FDB15C}.Release|Any CPU.Build.0 = Release|Any CPU
	EndGlobalSection
	GlobalSection(SolutionProperties) = preSolution
		HideSolutionNode = FALSE
	EndGlobalSection
	GlobalSection(ExtensibilityGlobals) = postSolution
		SolutionGuid = {111989A9-6527-4A2A-A613-D8A9B3795018}
	EndGlobalSection
EndGlobal
